<?xml version="1.0" encoding="utf-8"?>
<Project ToolsVersion="4.0" xmlns="http://schemas.microsoft.com/developer/msbuild/2003">
  <ItemGroup>
    <ClCompile Include="addNode.cpp" />
    <ClCompile Include="Camera.cpp" />
    <ClCompile Include="cosNode.cpp" />
    <ClCompile Include="divideNode.cpp" />
    <ClCompile Include="exponentNode.cpp" />
    <ClCompile Include="exprNode.cpp" />
    <ClCompile Include="graphing.cpp" />
    <ClCompile Include="multNode.cpp" />
    <ClCompile Include="numNode.cpp" />
    <ClCompile Include="Presets.cpp" />
    <ClCompile Include="sinNode.cpp" />
    <ClCompile Include="tanNode.cpp" />
    <ClCompile Include="variableNode.cpp" />
    <ClCompile Include="OverlayUI.cpp" />
    <ClCompile Include="PostFix.cpp" />
  </ItemGroup>
  <ItemGroup>
    <ClInclude Include="addNode.h" />
    <ClInclude Include="Camera.h" />
    <ClInclude Include="cosNode.h" />
    <ClInclude Include="divideNode.h" />
    <ClInclude Include="exponentNode.h" />
    <ClInclude Include="exprNode.h" />
    <ClInclude Include="Globals.h" />
    <ClInclude Include="multNode.h" />
    <ClInclude Include="Nodes.h" />
    <ClInclude Include="numNode.h" />
    <ClInclude Include="Presets.h" />
    <ClInclude Include="sinNode.h" />
    <ClInclude Include="tanNode.h" />
    <ClInclude Include="variableNode.h" />
    <ClInclude Include="OverlayUI.h" />
    <ClInclude Include="PostFix.h" />
  </ItemGroup>
</Project>